
Microsoft Visual Studio Solution File, Format Version 12.00
# Visual Studio 14
VisualStudioVersion = 14.0.25420.1
MinimumVisualStudioVersion = 10.0.40219.1
Project("{FAE04EC0-301F-11D3-BF4B-00C04F79EFBC}") = "test0628_try", "test0628_try\test0628_try.csproj", "{A26CD336-C7AA-4065-887F-95770C6058A3}"
EndProject
Global
	GlobalSection(SolutionConfigurationPlatforms) = preSolution
		Debug|Any CPU = Debug|Any CPU
		Release|Any CPU = Release|Any CPU
	EndGlobalSection
	GlobalSection(ProjectConfigurationPlatforms) = postSolution
		{A26CD336-C7AA-4065-887F-95770C6058A3}.Debug|Any CPU.ActiveCfg = Debug|Any CPU
		{A26CD336-C7AA-4065-887F-95770C6058A3}.Debug|Any CPU.Build.0 = Debug|Any CPU
		{A26CD336-C7AA-4065-887F-95770C6058A3}.Release|Any CPU.ActiveCfg = Release|Any CPU
		{A26CD336-C7AA-4065-887F-95770C6058A3}.Release|Any CPU.Build.0 = Release|Any CPU
	EndGlobalSection
	GlobalSection(SolutionProperties) = preSolution
		HideSolutionNode = FALSE
	EndGlobalSection
EndGlobal
